// !$*UTF8*$!
{
	archiveVersion = 1;
	classes = {
	};
	objectVersion = 46;
	objects = {

/* Begin PBXBuildFile section */
		415A588A1A0F163F00C60C85 /* main.m in Sources */ = {isa = PBXBuildFile; fileRef = 415A58891A0F163F00C60C85 /* main.m */; };
		415A588D1A0F163F00C60C85 /* AppDelegate.m in Sources */ = {isa = PBXBuildFile; fileRef = 415A588C1A0F163F00C60C85 /* AppDelegate.m */; };
		415A58901A0F163F00C60C85 /* FirstViewController.m in Sources */ = {isa = PBXBuildFile; fileRef = 415A588F1A0F163F00C60C85 /* FirstViewController.m */; };
		415A58931A0F163F00C60C85 /* SecondViewController.m in Sources */ = {isa = PBXBuildFile; fileRef = 415A58921A0F163F00C60C85 /* SecondViewController.m */; };
		415A58961A0F163F00C60C85 /* Main.storyboard in Resources */ = {isa = PBXBuildFile; fileRef = 415A58941A0F163F00C60C85 /* Main.storyboard */; };
		415A58981A0F163F00C60C85 /* Images.xcassets in Resources */ = {isa = PBXBuildFile; fileRef = 415A58971A0F163F00C60C85 /* Images.xcassets */; };
		415A589B1A0F163F00C60C85 /* LaunchScreen.xib in Resources */ = {isa = PBXBuildFile; fileRef = 415A58991A0F163F00C60C85 /* LaunchScreen.xib */; };
		415A58A71A0F163F00C60C85 /* AutoLayoutSampleTests.m in Sources */ = {isa = PBXBuildFile; fileRef = 415A58A61A0F163F00C60C85 /* AutoLayoutSampleTests.m */; };
/* End PBXBuildFile section */

/* Begin PBXContainerItemProxy section */
		415A58A11A0F163F00C60C85 /* PBXContainerItemProxy */ = {
			isa = PBXContainerItemProxy;
			containerPortal = 415A587C1A0F163F00C60C85 /* Project object */;
			proxyType = 1;
			remoteGlobalIDString = 415A58831A0F163F00C60C85;
			remoteInfo = AutoLayoutSample;
		};
/* End PBXContainerItemProxy section */

/* Begin PBXFileReference section */
		415A58841A0F163F00C60C85 /* AutoLayoutSample.app */ = {isa = PBXFileReference; explicitFileType = wrapper.application; includeInIndex = 0; path = AutoLayoutSample.app; sourceTree = BUILT_PRODUCTS_DIR; };
		415A58881A0F163F00C60C85 /* Info.plist */ = {isa = PBXFileReference; lastKnownFileType = text.plist.xml; path = Info.plist; sourceTree = "<group>"; };
		415A58891A0F163F00C60C85 /* main.m */ = {isa = PBXFileReference; lastKnownFileType = sourcecode.c.objc; path = main.m; sourceTree = "<group>"; };
		415A588B1A0F163F00C60C85 /* AppDelegate.h */ = {isa = PBXFileReference; lastKnownFileType = sourcecode.c.h; path = AppDelegate.h; sourceTree = "<group>"; };
		415A588C1A0F163F00C60C85 /* AppDelegate.m */ = {isa = PBXFileReference; lastKnownFileType = sourcecode.c.objc; path = AppDelegate.m; sourceTree = "<group>"; };
		415A588E1A0F163F00C60C85 /* FirstViewController.h */ = {isa = PBXFileReference; lastKnownFileType = sourcecode.c.h; path = FirstViewController.h; sourceTree = "<group>"; };
		415A588F1A0F163F00C60C85 /* FirstViewController.m */ = {isa = PBXFileReference; lastKnownFileType = sourcecode.c.objc; path = FirstViewController.m; sourceTree = "<group>"; };
		415A58911A0F163F00C60C85 /* SecondViewController.h */ = {isa = PBXFileReference; lastKnownFileType = sourcecode.c.h; path = SecondViewController.h; sourceTree = "<group>"; };
		415A58921A0F163F00C60C85 /* SecondViewController.m */ = {isa = PBXFileReference; lastKnownFileType = sourcecode.c.objc; path = SecondViewController.m; sourceTree = "<group>"; };
		415A58951A0F163F00C60C85 /* Base */ = {isa = PBXFileReference; lastKnownFileType = file.storyboard; name = Base; path = Base.lproj/Main.storyboard; sourceTree = "<group>"; };
		415A58971A0F163F00C60C85 /* Images.xcassets */ = {isa = PBXFileReference; lastKnownFileType = folder.assetcatalog; path = Images.xcassets; sourceTree = "<group>"; };
		415A589A1A0F163F00C60C85 /* Base */ = {isa = PBXFileReference; lastKnownFileType = file.xib; name = Base; path = Base.lproj/LaunchScreen.xib; sourceTree = "<group>"; };
		415A58A01A0F163F00C60C85 /* AutoLayoutSampleTests.xctest */ = {isa = PBXFileReference; explicitFileType = wrapper.cfbundle; includeInIndex = 0; path = AutoLayoutSampleTests.xctest; sourceTree = BUILT_PRODUCTS_DIR; };
		415A58A51A0F163F00C60C85 /* Info.plist */ = {isa = PBXFileReference; lastKnownFileType = text.plist.xml; path = Info.plist; sourceTree = "<group>"; };
		415A58A61A0F163F00C60C85 /* AutoLayoutSampleTests.m */ = {isa = PBXFileReference; lastKnownFileType = sourcecode.c.objc; path = AutoLayoutSampleTests.m; sourceTree = "<group>"; };
/* End PBXFileReference section */

/* Begin PBXFrameworksBuildPhase section */
		415A58811A0F163F00C60C85 /* Frameworks */ = {
			isa = PBXFrameworksBuildPhase;
			buildActionMask = 2147483647;
			files = (
			);
			runOnlyForDeploymentPostprocessing = 0;
		};
		415A589D1A0F163F00C60C85 /* Frameworks */ = {
			isa = PBXFrameworksBuildPhase;
			buildActionMask = 2147483647;
			files = (
			);
			runOnlyForDeploymentPostprocessing = 0;
		};
/* End PBXFrameworksBuildPhase section */

/* Begin PBXGroup section */
		415A587B1A0F163F00C60C85 = {
			isa = PBXGroup;
			children = (
				415A58861A0F163F00C60C85 /* AutoLayoutSample */,
				415A58A31A0F163F00C60C85 /* AutoLayoutSampleTests */,
				415A58851A0F163F00C60C85 /* Products */,
			);
			sourceTree = "<group>";
		};
		415A58851A0F163F00C60C85 /* Products */ = {
			isa = PBXGroup;
			children = (
				415A58841A0F163F00C60C85 /* AutoLayoutSample.app */,
				415A58A01A0F163F00C60C85 /* AutoLayoutSampleTests.xctest */,
			);
			name = Products;
			sourceTree = "<group>";
		};
		415A58861A0F163F00C60C85 /* AutoLayoutSample */ = {
			isa = PBXGroup;
			children = (
				415A588B1A0F163F00C60C85 /* AppDelegate.h */,
				415A588C1A0F163F00C60C85 /* AppDelegate.m */,
				415A588E1A0F163F00C60C85 /* FirstViewController.h */,
				415A588F1A0F163F00C60C85 /* FirstViewController.m */,
				415A58911A0F163F00C60C85 /* SecondViewController.h */,
				415A58921A0F163F00C60C85 /* SecondViewController.m */,
				415A58941A0F163F00C60C85 /* Main.storyboard */,
				415A58971A0F163F00C60C85 /* Images.xcassets */,
				415A58991A0F163F00C60C85 /* LaunchScreen.xib */,
				415A58871A0F163F00C60C85 /* Supporting Files */,
			);
			path = AutoLayoutSample;
			sourceTree = "<group>";
		};
		415A58871A0F163F00C60C85 /* Supporting Files */ = {
			isa = PBXGroup;
			children = (
				415A58881A0F163F00C60C85 /* Info.plist */,
				415A58891A0F163F00C60C85 /* main.m */,
			);
			name = "Supporting Files";
			sourceTree = "<group>";
		};
		415A58A31A0F163F00C60C85 /* AutoLayoutSampleTests */ = {
			isa = PBXGroup;
			children = (
				415A58A61A0F163F00C60C85 /* AutoLayoutSampleTests.m */,
				415A58A41A0F163F00C60C85 /* Supporting Files */,
			);
			path = AutoLayoutSampleTests;
			sourceTree = "<group>";
		};
		415A58A41A0F163F00C60C85 /* Supporting Files */ = {
			isa = PBXGroup;
			children = (
				415A58A51A0F163F00C60C85 /* Info.plist */,
			);
			name = "Supporting Files";
			sourceTree = "<group>";
		};
/* End PBXGroup section */

/* Begin PBXNativeTarget section */
		415A58831A0F163F00C60C85 /* AutoLayoutSample */ = {
			isa = PBXNativeTarget;
			buildConfigurationList = 415A58AA1A0F163F00C60C85 /* Build configuration list for PBXNativeTarget "AutoLayoutSample" */;
			buildPhases = (
				415A58801A0F163F00C60C85 /* Sources */,
				415A58811A0F163F00C60C85 /* Frameworks */,
				415A58821A0F163F00C60C85 /* Resources */,
			);
			buildRules = (
			);
			dependencies = (
			);
			name = AutoLayoutSample;
			productName = AutoLayoutSample;
			productReference = 415A58841A0F163F00C60C85 /* AutoLayoutSample.app */;
			productType = "com.apple.product-type.application";
		};
		415A589F1A0F163F00C60C85 /* AutoLayoutSampleTests */ = {
			isa = PBXNativeTarget;
			buildConfigurationList = 415A58AD1A0F163F00C60C85 /* Build configuration list for PBXNativeTarget "AutoLayoutSampleTests" */;
			buildPhases = (
				415A589C1A0F163F00C60C85 /* Sources */,
				415A589D1A0F163F00C60C85 /* Frameworks */,
				415A589E1A0F163F00C60C85 /* Resources */,
			);
			buildRules = (
			);
			dependencies = (
				415A58A21A0F163F00C60C85 /* PBXTargetDependency */,
			);
			name = AutoLayoutSampleTests;
			productName = AutoLayoutSampleTests;
			productReference = 415A58A01A0F163F00C60C85 /* AutoLayoutSampleTests.xctest */;
			productType = "com.apple.product-type.bundle.unit-test";
		};
/* End PBXNativeTarget section */

/* Begin PBXProject section */
		415A587C1A0F163F00C60C85 /* Project object */ = {
			isa = PBXProject;
			attributes = {
				LastUpgradeCheck = 0610;
				ORGANIZATIONNAME = "Wataru Nishimoto";
				TargetAttributes = {
					415A58831A0F163F00C60C85 = {
						CreatedOnToolsVersion = 6.1;
					};
					415A589F1A0F163F00C60C85 = {
						CreatedOnToolsVersion = 6.1;
						TestTargetID = 415A58831A0F163F00C60C85;
					};
				};
			};
			buildConfigurationList = 415A587F1A0F163F00C60C85 /* Build configuration list for PBXProject "AutoLayoutSample" */;
			compatibilityVersion = "Xcode 3.2";
			developmentRegion = English;
			hasScannedForEncodings = 0;
			knownRegions = (
				en,
				Base,
			);
			mainGroup = 415A587B1A0F163F00C60C85;
			productRefGroup = 415A58851A0F163F00C60C85 /* Products */;
			projectDirPath = "";
			projectRoot = "";
			targets = (
				415A58831A0F163F00C60C85 /* AutoLayoutSample */,
				415A589F1A0F163F00C60C85 /* AutoLayoutSampleTests */,
			);
		};
/* End PBXProject section */

/* Begin PBXResourcesBuildPhase section */
		415A58821A0F163F00C60C85 /* Resources */ = {
			isa = PBXResourcesBuildPhase;
			buildActionMask = 2147483647;
			files = (
				415A58961A0F163F00C60C85 /* Main.storyboard in Resources */,
				415A589B1A0F163F00C60C85 /* LaunchScreen.xib in Resources */,
				415A58981A0F163F00C60C85 /* Images.xcassets in Resources */,
			);
			runOnlyForDeploymentPostprocessing = 0;
		};
		415A589E1A0F163F00C60C85 /* Resources */ = {
			isa = PBXResourcesBuildPhase;
			buildActionMask = 2147483647;
			files = (
			);
			runOnlyForDeploymentPostprocessing = 0;
		};
/* End PBXResourcesBuildPhase section */

/* Begin PBXSourcesBuildPhase section */
		415A58801A0F163F00C60C85 /* Sources */ = {
			isa = PBXSourcesBuildPhase;
			buildActionMask = 2147483647;
			files = (
				415A58931A0F163F00C60C85 /* SecondViewController.m in Sources */,
				415A588D1A0F163F00C60C85 /* AppDelegate.m in Sources */,
				415A58901A0F163F00C60C85 /* FirstViewController.m in Sources */,
				415A588A1A0F163F00C60C85 /* main.m in Sources */,
			);
			runOnlyForDeploymentPostprocessing = 0;
		};
		415A589C1A0F163F00C60C85 /* Sources */ = {
			isa = PBXSourcesBuildPhase;
			buildActionMask = 2147483647;
			files = (
				415A58A71A0F163F00C60C85 /* AutoLayoutSampleTests.m in Sources */,
			);
			runOnlyForDeploymentPostprocessing = 0;
		};
/* End PBXSourcesBuildPhase section */

/* Begin PBXTargetDependency section */
		415A58A21A0F163F00C60C85 /* PBXTargetDependency */ = {
			isa = PBXTargetDependency;
			target = 415A58831A0F163F00C60C85 /* AutoLayoutSample */;
			targetProxy = 415A58A11A0F163F00C60C85 /* PBXContainerItemProxy */;
		};
/* End PBXTargetDependency section */

/* Begin PBXVariantGroup section */
		415A58941A0F163F00C60C85 /* Main.storyboard */ = {
			isa = PBXVariantGroup;
			children = (
				415A58951A0F163F00C60C85 /* Base */,
			);
			name = Main.storyboard;
			sourceTree = "<group>";
		};
		415A58991A0F163F00C60C85 /* LaunchScreen.xib */ = {
			isa = PBXVariantGroup;
			children = (
				415A589A1A0F163F00C60C85 /* Base */,
			);
			name = LaunchScreen.xib;
			sourceTree = "<group>";
		};
/* End PBXVariantGroup section */

/* Begin XCBuildConfiguration section */
		415A58A81A0F163F00C60C85 /* Debug */ = {
			isa = XCBuildConfiguration;
			buildSettings = {
				ALWAYS_SEARCH_USER_PATHS = NO;
				CLANG_CXX_LANGUAGE_STANDARD = "gnu++0x";
				CLANG_CXX_LIBRARY = "libc++";
				CLANG_ENABLE_MODULES = YES;
				CLANG_ENABLE_OBJC_ARC = YES;
				CLANG_WARN_BOOL_CONVERSION = YES;
				CLANG_WARN_CONSTANT_CONVERSION = YES;
				CLANG_WARN_DIRECT_OBJC_ISA_USAGE = YES_ERROR;
				CLANG_WARN_EMPTY_BODY = YES;
				CLANG_WARN_ENUM_CONVERSION = YES;
				CLANG_WARN_INT_CONVERSION = YES;
				CLANG_WARN_OBJC_ROOT_CLASS = YES_ERROR;
				CLANG_WARN_UNREACHABLE_CODE = YES;
				CLANG_WARN__DUPLICATE_METHOD_MATCH = YES;
				"CODE_SIGN_IDENTITY[sdk=iphoneos*]" = "iPhone Developer";
				COPY_PHASE_STRIP = NO;
				ENABLE_STRICT_OBJC_MSGSEND = YES;
				GCC_C_LANGUAGE_STANDARD = gnu99;
				GCC_DYNAMIC_NO_PIC = NO;
				GCC_OPTIMIZATION_LEVEL = 0;
				GCC_PREPROCESSOR_DEFINITIONS = (
					"DEBUG=1",
					"$(inherited)",
				);
				GCC_SYMBOLS_PRIVATE_EXTERN = NO;
				GCC_WARN_64_TO_32_BIT_CONVERSION = YES;
				GCC_WARN_ABOUT_RETURN_TYPE = YES_ERROR;
				GCC_WARN_UNDECLARED_SELECTOR = YES;
				GCC_WARN_UNINITIALIZED_AUTOS = YES_AGGRESSIVE;
				GCC_WARN_UNUSED_FUNCTION = YES;
				GCC_WARN_UNUSED_VARIABLE = YES;
				IPHONEOS_DEPLOYMENT_TARGET = 8.1;
				MTL_ENABLE_DEBUG_INFO = YES;
				ONLY_ACTIVE_ARCH = YES;
				SDKROOT = iphoneos;
			};
			name = Debug;
		};
		415A58A91A0F163F00C60C85 /* Release */ = {
			isa = XCBuildConfiguration;
			buildSettings = {
				ALWAYS_SEARCH_USER_PATHS = NO;
				CLANG_CXX_LANGUAGE_STANDARD = "gnu++0x";
				CLANG_CXX_LIBRARY = "libc++";
				CLANG_ENABLE_MODULES = YES;
				CLANG_ENABLE_OBJC_ARC = YES;
				CLANG_WARN_BOOL_CONVERSION = YES;
				CLANG_WARN_CONSTANT_CONVERSION = YES;
				CLANG_WARN_DIRECT_OBJC_ISA_USAGE = YES_ERROR;
				CLANG_WARN_EMPTY_BODY = YES;
				CLANG_WARN_ENUM_CONVERSION = YES;
				CLANG_WARN_INT_CONVERSION = YES;
				CLANG_WARN_OBJC_ROOT_CLASS = YES_ERROR;
				CLANG_WARN_UNREACHABLE_CODE = YES;
				CLANG_WARN__DUPLICATE_METHOD_MATCH = YES;
				"CODE_SIGN_IDENTITY[sdk=iphoneos*]" = "iPhone Developer";
				COPY_PHASE_STRIP = YES;
				ENABLE_NS_ASSERTIONS = NO;
				ENABLE_STRICT_OBJC_MSGSEND = YES;
				GCC_C_LANGUAGE_STANDARD = gnu99;
				GCC_WARN_64_TO_32_BIT_CONVERSION = YES;
				GCC_WARN_ABOUT_RETURN_TYPE = YES_ERROR;
				GCC_WARN_UNDECLARED_SELECTOR = YES;
				GCC_WARN_UNINITIALIZED_AUTOS = YES_AGGRESSIVE;
				GCC_WARN_UNUSED_FUNCTION = YES;
				GCC_WARN_UNUSED_VARIABLE = YES;
				IPHONEOS_DEPLOYMENT_TARGET = 8.1;
				MTL_ENABLE_DEBUG_INFO = NO;
				SDKROOT = iphoneos;
				VALIDATE_PRODUCT = YES;
			};
			name = Release;
		};
		415A58AB1A0F163F00C60C85 /* Debug */ = {
			isa = XCBuildConfiguration;
			buildSettings = {
				ASSETCATALOG_COMPILER_APPICON_NAME = AppIcon;
				INFOPLIST_FILE = AutoLayoutSample/Info.plist;
				LD_RUNPATH_SEARCH_PATHS = "$(inherited) @executable_path/Frameworks";
				PRODUCT_NAME = "$(TARGET_NAME)";
			};
			name = Debug;
		};
		415A58AC1A0F163F00C60C85 /* Release */ = {
			isa = XCBuildConfiguration;
			buildSettings = {
				ASSETCATALOG_COMPILER_APPICON_NAME = AppIcon;
				INFOPLIST_FILE = AutoLayoutSample/Info.plist;
				LD_RUNPATH_SEARCH_PATHS = "$(inherited) @executable_path/Frameworks";
				PRODUCT_NAME = "$(TARGET_NAME)";
			};
			name = Release;
		};
		415A58AE1A0F163F00C60C85 /* Debug */ = {
			isa = XCBuildConfiguration;
			buildSettings = {
				BUNDLE_LOADER = "$(TEST_HOST)";
				FRAMEWORK_SEARCH_PATHS = (
					"$(SDKROOT)/Developer/Library/Frameworks",
					"$(inherited)",
				);
				GCC_PREPROCESSOR_DEFINITIONS = (
					"DEBUG=1",
					"$(inherited)",
				);
				INFOPLIST_FILE = AutoLayoutSampleTests/Info.plist;
				LD_RUNPATH_SEARCH_PATHS = "$(inherited) @executable_path/Frameworks @loader_path/Frameworks";
				PRODUCT_NAME = "$(TARGET_NAME)";
				TEST_HOST = "$(BUILT_PRODUCTS_DIR)/AutoLayoutSample.app/AutoLayoutSample";
			};
			name = Debug;
		};
		415A58AF1A0F163F00C60C85 /* Release */ = {
			isa = XCBuildConfiguration;
			buildSettings = {
				BUNDLE_LOADER = "$(TEST_HOST)";
				FRAMEWORK_SEARCH_PATHS = (
					"$(SDKROOT)/Developer/Library/Frameworks",
					"$(inherited)",
				);
				INFOPLIST_FILE = AutoLayoutSampleTests/Info.plist;
				LD_RUNPATH_SEARCH_PATHS = "$(inherited) @executable_path/Frameworks @loader_path/Frameworks";
				PRODUCT_NAME = "$(TARGET_NAME)";
				TEST_HOST = "$(BUILT_PRODUCTS_DIR)/AutoLayoutSample.app/AutoLayoutSample";
			};
			name = Release;
		};
/* End XCBuildConfiguration section */

/* Begin XCConfigurationList section */
		415A587F1A0F163F00C60C85 /* Build configuration list for PBXProject "AutoLayoutSample" */ = {
			isa = XCConfigurationList;
			buildConfigurations = (
				415A58A81A0F163F00C60C85 /* Debug */,
				415A58A91A0F163F00C60C85 /* Release */,
			);
			defaultConfigurationIsVisible = 0;
			defaultConfigurationName = Release;
		};
		415A58AA1A0F163F00C60C85 /* Build configuration list for PBXNativeTarget "AutoLayoutSample" */ = {
			isa = XCConfigurationList;
			buildConfigurations = (
				415A58AB1A0F163F00C60C85 /* Debug */,
				415A58AC1A0F163F00C60C85 /* Release */,
			);
			defaultConfigurationIsVisible = 0;
		};
		415A58AD1A0F163F00C60C85 /* Build configuration list for PBXNativeTarget "AutoLayoutSampleTests" */ = {
			isa = XCConfigurationList;
			buildConfigurations = (
				415A58AE1A0F163F00C60C85 /* Debug */,
				415A58AF1A0F163F00C60C85 /* Release */,
			);
			defaultConfigurationIsVisible = 0;
		};
/* End XCConfigurationList section */
	};
	rootObject = 415A587C1A0F163F00C60C85 /* Project object */;
}
